
Microsoft Visual Studio Solution File, Format Version 12.00
# Visual Studio Version 17
VisualStudioVersion = 17.9.34723.18
MinimumVisualStudioVersion = 10.0.40219.1
Project("{FAE04EC0-301F-11D3-BF4B-00C04F79EFBC}") = "TelephoneCompaniApp", "TelephoneCompaniApp\TelephoneCompaniApp.csproj", "{0630E5A5-0870-4C1B-97E1-63CCFB2C6B0F}"
EndProject
Project("{FAE04EC0-301F-11D3-BF4B-00C04F79EFBC}") = "TelephoneCompaniDataBase", "TelephoneCompaniDataBase\TelephoneCompaniDataBase.csproj", "{B45C6769-0D97-4D98-B904-9EDB28BA1330}"
EndProject
Project("{9A19103F-16F7-4668-BE54-9A1E7A4F7556}") = "Rep_interfases", "Rep_interfases\Rep_interfases.csproj", "{3AE9FD45-6838-4757-AD8B-55D1859A13C2}"
EndProject
Global
	GlobalSection(SolutionConfigurationPlatforms) = preSolution
		Debug|Any CPU = Debug|Any CPU
		Release|Any CPU = Release|Any CPU
	EndGlobalSection
	GlobalSection(ProjectConfigurationPlatforms) = postSolution
		{0630E5A5-0870-4C1B-97E1-63CCFB2C6B0F}.Debug|Any CPU.ActiveCfg = Debug|Any CPU
		{0630E5A5-0870-4C1B-97E1-63CCFB2C6B0F}.Debug|Any CPU.Build.0 = Debug|Any CPU
		{0630E5A5-0870-4C1B-97E1-63CCFB2C6B0F}.Release|Any CPU.ActiveCfg = Release|Any CPU
		{0630E5A5-0870-4C1B-97E1-63CCFB2C6B0F}.Release|Any CPU.Build.0 = Release|Any CPU
		{B45C6769-0D97-4D98-B904-9EDB28BA1330}.Debug|Any CPU.ActiveCfg = Debug|Any CPU
		{B45C6769-0D97-4D98-B904-9EDB28BA1330}.Debug|Any CPU.Build.0 = Debug|Any CPU
		{B45C6769-0D97-4D98-B904-9EDB28BA1330}.Release|Any CPU.ActiveCfg = Release|Any CPU
		{B45C6769-0D97-4D98-B904-9EDB28BA1330}.Release|Any CPU.Build.0 = Release|Any CPU
		{3AE9FD45-6838-4757-AD8B-55D1859A13C2}.Debug|Any CPU.ActiveCfg = Debug|Any CPU
		{3AE9FD45-6838-4757-AD8B-55D1859A13C2}.Debug|Any CPU.Build.0 = Debug|Any CPU
		{3AE9FD45-6838-4757-AD8B-55D1859A13C2}.Release|Any CPU.ActiveCfg = Release|Any CPU
		{3AE9FD45-6838-4757-AD8B-55D1859A13C2}.Release|Any CPU.Build.0 = Release|Any CPU
	EndGlobalSection
	GlobalSection(SolutionProperties) = preSolution
		HideSolutionNode = FALSE
	EndGlobalSection
	GlobalSection(ExtensibilityGlobals) = postSolution
		SolutionGuid = {51062CF1-CE7D-44DC-A3C9-0B8577A1C12A}
	EndGlobalSection
EndGlobal
